
Microsoft Visual Studio Solution File, Format Version 12.00
# Visual Studio 14
VisualStudioVersion = 14.0.25420.1
MinimumVisualStudioVersion = 10.0.40219.1
Project("{FAE04EC0-301F-11D3-BF4B-00C04F79EFBC}") = "QuieroPizza.Web", "QuieroPizza.Web\QuieroPizza.Web.csproj", "{0FF11A5D-69C3-4D37-B64A-C51D76F79678}"
EndProject
Project("{FAE04EC0-301F-11D3-BF4B-00C04F79EFBC}") = "TiendadeRopa.WebAdmin", "TiendadeRopa.WebAdmin\TiendadeRopa.WebAdmin.csproj", "{21F3E6D3-A4D2-4F19-A95D-C25BD3FEB299}"
EndProject
Project("{FAE04EC0-301F-11D3-BF4B-00C04F79EFBC}") = "TiendadeRopa.Win", "TiendadeRopa.Win\TiendadeRopa.Win.csproj", "{EC42D965-F270-47A6-8B42-4CC8669B7CAA}"
EndProject
Project("{FAE04EC0-301F-11D3-BF4B-00C04F79EFBC}") = "TiendadeRopa.BL", "TiendadeRopa.BL\TiendadeRopa.BL.csproj", "{DE17E914-0438-4CC2-8788-BCE78D84F67B}"
EndProject
Global
	GlobalSection(SolutionConfigurationPlatforms) = preSolution
		Debug|Any CPU = Debug|Any CPU
		Release|Any CPU = Release|Any CPU
	EndGlobalSection
	GlobalSection(ProjectConfigurationPlatforms) = postSolution
		{0FF11A5D-69C3-4D37-B64A-C51D76F79678}.Debug|Any CPU.ActiveCfg = Debug|Any CPU
		{0FF11A5D-69C3-4D37-B64A-C51D76F79678}.Debug|Any CPU.Build.0 = Debug|Any CPU
		{0FF11A5D-69C3-4D37-B64A-C51D76F79678}.Release|Any CPU.ActiveCfg = Release|Any CPU
		{0FF11A5D-69C3-4D37-B64A-C51D76F79678}.Release|Any CPU.Build.0 = Release|Any CPU
		{21F3E6D3-A4D2-4F19-A95D-C25BD3FEB299}.Debug|Any CPU.ActiveCfg = Debug|Any CPU
		{21F3E6D3-A4D2-4F19-A95D-C25BD3FEB299}.Debug|Any CPU.Build.0 = Debug|Any CPU
		{21F3E6D3-A4D2-4F19-A95D-C25BD3FEB299}.Release|Any CPU.ActiveCfg = Release|Any CPU
		{21F3E6D3-A4D2-4F19-A95D-C25BD3FEB299}.Release|Any CPU.Build.0 = Release|Any CPU
		{EC42D965-F270-47A6-8B42-4CC8669B7CAA}.Debug|Any CPU.ActiveCfg = Debug|Any CPU
		{EC42D965-F270-47A6-8B42-4CC8669B7CAA}.Debug|Any CPU.Build.0 = Debug|Any CPU
		{EC42D965-F270-47A6-8B42-4CC8669B7CAA}.Release|Any CPU.ActiveCfg = Release|Any CPU
		{EC42D965-F270-47A6-8B42-4CC8669B7CAA}.Release|Any CPU.Build.0 = Release|Any CPU
		{DE17E914-0438-4CC2-8788-BCE78D84F67B}.Debug|Any CPU.ActiveCfg = Debug|Any CPU
		{DE17E914-0438-4CC2-8788-BCE78D84F67B}.Debug|Any CPU.Build.0 = Debug|Any CPU
		{DE17E914-0438-4CC2-8788-BCE78D84F67B}.Release|Any CPU.ActiveCfg = Release|Any CPU
		{DE17E914-0438-4CC2-8788-BCE78D84F67B}.Release|Any CPU.Build.0 = Release|Any CPU
	EndGlobalSection
	GlobalSection(SolutionProperties) = preSolution
		HideSolutionNode = FALSE
	EndGlobalSection
EndGlobal
